
Microsoft Visual Studio Solution File, Format Version 12.00
# Visual Studio 15
VisualStudioVersion = 15.0.27428.2043
MinimumVisualStudioVersion = 10.0.40219.1
Project("{FAE04EC0-301F-11D3-BF4B-00C04F79EFBC}") = "TestAsync", "TestAsync\TestAsync.csproj", "{52E26D8F-6A78-4A34-BB6C-1900916B1914}"
EndProject
Project("{FAE04EC0-301F-11D3-BF4B-00C04F79EFBC}") = "ConsoleApp", "ConsoleApp\ConsoleApp.csproj", "{95FAD50A-B0AE-4FDF-9249-B20F79E3BA11}"
EndProject
Project("{FAE04EC0-301F-11D3-BF4B-00C04F79EFBC}") = "PermissionsTest", "PermissionsTest\PermissionsTest.csproj", "{1B4F48AF-36F6-4A2F-B839-43F81AE3E05C}"
EndProject
Project("{FAE04EC0-301F-11D3-BF4B-00C04F79EFBC}") = "MulThreadAsync", "MulThreadAsync\MulThreadAsync.csproj", "{781DA058-6F35-442B-98D1-E3A6DE89DDE4}"
EndProject
Global
	GlobalSection(SolutionConfigurationPlatforms) = preSolution
		Debug|Any CPU = Debug|Any CPU
		Release|Any CPU = Release|Any CPU
	EndGlobalSection
	GlobalSection(ProjectConfigurationPlatforms) = postSolution
		{52E26D8F-6A78-4A34-BB6C-1900916B1914}.Debug|Any CPU.ActiveCfg = Debug|Any CPU
		{52E26D8F-6A78-4A34-BB6C-1900916B1914}.Debug|Any CPU.Build.0 = Debug|Any CPU
		{52E26D8F-6A78-4A34-BB6C-1900916B1914}.Release|Any CPU.ActiveCfg = Release|Any CPU
		{52E26D8F-6A78-4A34-BB6C-1900916B1914}.Release|Any CPU.Build.0 = Release|Any CPU
		{95FAD50A-B0AE-4FDF-9249-B20F79E3BA11}.Debug|Any CPU.ActiveCfg = Debug|Any CPU
		{95FAD50A-B0AE-4FDF-9249-B20F79E3BA11}.Debug|Any CPU.Build.0 = Debug|Any CPU
		{95FAD50A-B0AE-4FDF-9249-B20F79E3BA11}.Release|Any CPU.ActiveCfg = Release|Any CPU
		{95FAD50A-B0AE-4FDF-9249-B20F79E3BA11}.Release|Any CPU.Build.0 = Release|Any CPU
		{1B4F48AF-36F6-4A2F-B839-43F81AE3E05C}.Debug|Any CPU.ActiveCfg = Debug|Any CPU
		{1B4F48AF-36F6-4A2F-B839-43F81AE3E05C}.Debug|Any CPU.Build.0 = Debug|Any CPU
		{1B4F48AF-36F6-4A2F-B839-43F81AE3E05C}.Release|Any CPU.ActiveCfg = Release|Any CPU
		{1B4F48AF-36F6-4A2F-B839-43F81AE3E05C}.Release|Any CPU.Build.0 = Release|Any CPU
		{781DA058-6F35-442B-98D1-E3A6DE89DDE4}.Debug|Any CPU.ActiveCfg = Debug|Any CPU
		{781DA058-6F35-442B-98D1-E3A6DE89DDE4}.Debug|Any CPU.Build.0 = Debug|Any CPU
		{781DA058-6F35-442B-98D1-E3A6DE89DDE4}.Release|Any CPU.ActiveCfg = Release|Any CPU
		{781DA058-6F35-442B-98D1-E3A6DE89DDE4}.Release|Any CPU.Build.0 = Release|Any CPU
	EndGlobalSection
	GlobalSection(SolutionProperties) = preSolution
		HideSolutionNode = FALSE
	EndGlobalSection
	GlobalSection(ExtensibilityGlobals) = postSolution
		SolutionGuid = {D5B7A754-26CF-4BE6-91CF-9855778EA218}
	EndGlobalSection
EndGlobal
